
Microsoft Visual Studio Solution File, Format Version 12.00
# Visual Studio Version 16
VisualStudioVersion = 16.0.29418.71
MinimumVisualStudioVersion = 10.0.40219.1
Project("{FAE04EC0-301F-11D3-BF4B-00C04F79EFBC}") = "CMonopoli", "CMonopoli\CMonopoli.csproj", "{B7679E20-914A-4AB2-B9FA-31EBFC745AFF}"
EndProject
Project("{FAE04EC0-301F-11D3-BF4B-00C04F79EFBC}") = "Contratti", "Contratti\Contratti.csproj", "{4FDD7285-9AFD-426A-9C67-D7A0ECB7E3BB}"
EndProject
Project("{FAE04EC0-301F-11D3-BF4B-00C04F79EFBC}") = "Banca", "Banca\Banca.csproj", "{C4004FC2-F59A-415E-A654-838549E5242A}"
EndProject
Project("{FAE04EC0-301F-11D3-BF4B-00C04F79EFBC}") = "Imprevisti e probabiltà", "Imprevisti e probabiltà\Imprevisti e probabiltà.csproj", "{887D773A-76E4-4B19-AE70-1D216DE315EC}"
EndProject
Global
	GlobalSection(SolutionConfigurationPlatforms) = preSolution
		Debug|Any CPU = Debug|Any CPU
		Debug|ARM = Debug|ARM
		Debug|ARM64 = Debug|ARM64
		Debug|x64 = Debug|x64
		Debug|x86 = Debug|x86
		Release|Any CPU = Release|Any CPU
		Release|ARM = Release|ARM
		Release|ARM64 = Release|ARM64
		Release|x64 = Release|x64
		Release|x86 = Release|x86
	EndGlobalSection
	GlobalSection(ProjectConfigurationPlatforms) = postSolution
		{B7679E20-914A-4AB2-B9FA-31EBFC745AFF}.Debug|Any CPU.ActiveCfg = Debug|Any CPU
		{B7679E20-914A-4AB2-B9FA-31EBFC745AFF}.Debug|Any CPU.Build.0 = Debug|Any CPU
		{B7679E20-914A-4AB2-B9FA-31EBFC745AFF}.Debug|ARM.ActiveCfg = Debug|Any CPU
		{B7679E20-914A-4AB2-B9FA-31EBFC745AFF}.Debug|ARM.Build.0 = Debug|Any CPU
		{B7679E20-914A-4AB2-B9FA-31EBFC745AFF}.Debug|ARM64.ActiveCfg = Debug|Any CPU
		{B7679E20-914A-4AB2-B9FA-31EBFC745AFF}.Debug|ARM64.Build.0 = Debug|Any CPU
		{B7679E20-914A-4AB2-B9FA-31EBFC745AFF}.Debug|x64.ActiveCfg = Debug|Any CPU
		{B7679E20-914A-4AB2-B9FA-31EBFC745AFF}.Debug|x64.Build.0 = Debug|Any CPU
		{B7679E20-914A-4AB2-B9FA-31EBFC745AFF}.Debug|x86.ActiveCfg = Debug|Any CPU
		{B7679E20-914A-4AB2-B9FA-31EBFC745AFF}.Debug|x86.Build.0 = Debug|Any CPU
		{B7679E20-914A-4AB2-B9FA-31EBFC745AFF}.Release|Any CPU.ActiveCfg = Release|Any CPU
		{B7679E20-914A-4AB2-B9FA-31EBFC745AFF}.Release|Any CPU.Build.0 = Release|Any CPU
		{B7679E20-914A-4AB2-B9FA-31EBFC745AFF}.Release|ARM.ActiveCfg = Release|Any CPU
		{B7679E20-914A-4AB2-B9FA-31EBFC745AFF}.Release|ARM.Build.0 = Release|Any CPU
		{B7679E20-914A-4AB2-B9FA-31EBFC745AFF}.Release|ARM64.ActiveCfg = Release|Any CPU
		{B7679E20-914A-4AB2-B9FA-31EBFC745AFF}.Release|ARM64.Build.0 = Release|Any CPU
		{B7679E20-914A-4AB2-B9FA-31EBFC745AFF}.Release|x64.ActiveCfg = Release|Any CPU
		{B7679E20-914A-4AB2-B9FA-31EBFC745AFF}.Release|x64.Build.0 = Release|Any CPU
		{B7679E20-914A-4AB2-B9FA-31EBFC745AFF}.Release|x86.ActiveCfg = Release|Any CPU
		{B7679E20-914A-4AB2-B9FA-31EBFC745AFF}.Release|x86.Build.0 = Release|Any CPU
		{4FDD7285-9AFD-426A-9C67-D7A0ECB7E3BB}.Debug|Any CPU.ActiveCfg = Debug|Any CPU
		{4FDD7285-9AFD-426A-9C67-D7A0ECB7E3BB}.Debug|Any CPU.Build.0 = Debug|Any CPU
		{4FDD7285-9AFD-426A-9C67-D7A0ECB7E3BB}.Debug|ARM.ActiveCfg = Debug|Any CPU
		{4FDD7285-9AFD-426A-9C67-D7A0ECB7E3BB}.Debug|ARM.Build.0 = Debug|Any CPU
		{4FDD7285-9AFD-426A-9C67-D7A0ECB7E3BB}.Debug|ARM64.ActiveCfg = Debug|Any CPU
		{4FDD7285-9AFD-426A-9C67-D7A0ECB7E3BB}.Debug|ARM64.Build.0 = Debug|Any CPU
		{4FDD7285-9AFD-426A-9C67-D7A0ECB7E3BB}.Debug|x64.ActiveCfg = Debug|Any CPU
		{4FDD7285-9AFD-426A-9C67-D7A0ECB7E3BB}.Debug|x64.Build.0 = Debug|Any CPU
		{4FDD7285-9AFD-426A-9C67-D7A0ECB7E3BB}.Debug|x86.ActiveCfg = Debug|Any CPU
		{4FDD7285-9AFD-426A-9C67-D7A0ECB7E3BB}.Debug|x86.Build.0 = Debug|Any CPU
		{4FDD7285-9AFD-426A-9C67-D7A0ECB7E3BB}.Release|Any CPU.ActiveCfg = Release|Any CPU
		{4FDD7285-9AFD-426A-9C67-D7A0ECB7E3BB}.Release|Any CPU.Build.0 = Release|Any CPU
		{4FDD7285-9AFD-426A-9C67-D7A0ECB7E3BB}.Release|ARM.ActiveCfg = Release|Any CPU
		{4FDD7285-9AFD-426A-9C67-D7A0ECB7E3BB}.Release|ARM.Build.0 = Release|Any CPU
		{4FDD7285-9AFD-426A-9C67-D7A0ECB7E3BB}.Release|ARM64.ActiveCfg = Release|Any CPU
		{4FDD7285-9AFD-426A-9C67-D7A0ECB7E3BB}.Release|ARM64.Build.0 = Release|Any CPU
		{4FDD7285-9AFD-426A-9C67-D7A0ECB7E3BB}.Release|x64.ActiveCfg = Release|Any CPU
		{4FDD7285-9AFD-426A-9C67-D7A0ECB7E3BB}.Release|x64.Build.0 = Release|Any CPU
		{4FDD7285-9AFD-426A-9C67-D7A0ECB7E3BB}.Release|x86.ActiveCfg = Release|Any CPU
		{4FDD7285-9AFD-426A-9C67-D7A0ECB7E3BB}.Release|x86.Build.0 = Release|Any CPU
		{C4004FC2-F59A-415E-A654-838549E5242A}.Debug|Any CPU.ActiveCfg = Debug|Any CPU
		{C4004FC2-F59A-415E-A654-838549E5242A}.Debug|Any CPU.Build.0 = Debug|Any CPU
		{C4004FC2-F59A-415E-A654-838549E5242A}.Debug|ARM.ActiveCfg = Debug|Any CPU
		{C4004FC2-F59A-415E-A654-838549E5242A}.Debug|ARM.Build.0 = Debug|Any CPU
		{C4004FC2-F59A-415E-A654-838549E5242A}.Debug|ARM64.ActiveCfg = Debug|Any CPU
		{C4004FC2-F59A-415E-A654-838549E5242A}.Debug|ARM64.Build.0 = Debug|Any CPU
		{C4004FC2-F59A-415E-A654-838549E5242A}.Debug|x64.ActiveCfg = Debug|Any CPU
		{C4004FC2-F59A-415E-A654-838549E5242A}.Debug|x64.Build.0 = Debug|Any CPU
		{C4004FC2-F59A-415E-A654-838549E5242A}.Debug|x86.ActiveCfg = Debug|Any CPU
		{C4004FC2-F59A-415E-A654-838549E5242A}.Debug|x86.Build.0 = Debug|Any CPU
		{C4004FC2-F59A-415E-A654-838549E5242A}.Release|Any CPU.ActiveCfg = Release|Any CPU
		{C4004FC2-F59A-415E-A654-838549E5242A}.Release|Any CPU.Build.0 = Release|Any CPU
		{C4004FC2-F59A-415E-A654-838549E5242A}.Release|ARM.ActiveCfg = Release|Any CPU
		{C4004FC2-F59A-415E-A654-838549E5242A}.Release|ARM.Build.0 = Release|Any CPU
		{C4004FC2-F59A-415E-A654-838549E5242A}.Release|ARM64.ActiveCfg = Release|Any CPU
		{C4004FC2-F59A-415E-A654-838549E5242A}.Release|ARM64.Build.0 = Release|Any CPU
		{C4004FC2-F59A-415E-A654-838549E5242A}.Release|x64.ActiveCfg = Release|Any CPU
		{C4004FC2-F59A-415E-A654-838549E5242A}.Release|x64.Build.0 = Release|Any CPU
		{C4004FC2-F59A-415E-A654-838549E5242A}.Release|x86.ActiveCfg = Release|Any CPU
		{C4004FC2-F59A-415E-A654-838549E5242A}.Release|x86.Build.0 = Release|Any CPU
		{887D773A-76E4-4B19-AE70-1D216DE315EC}.Debug|Any CPU.ActiveCfg = Debug|Any CPU
		{887D773A-76E4-4B19-AE70-1D216DE315EC}.Debug|Any CPU.Build.0 = Debug|Any CPU
		{887D773A-76E4-4B19-AE70-1D216DE315EC}.Debug|ARM.ActiveCfg = Debug|Any CPU
		{887D773A-76E4-4B19-AE70-1D216DE315EC}.Debug|ARM.Build.0 = Debug|Any CPU
		{887D773A-76E4-4B19-AE70-1D216DE315EC}.Debug|ARM64.ActiveCfg = Debug|Any CPU
		{887D773A-76E4-4B19-AE70-1D216DE315EC}.Debug|ARM64.Build.0 = Debug|Any CPU
		{887D773A-76E4-4B19-AE70-1D216DE315EC}.Debug|x64.ActiveCfg = Debug|Any CPU
		{887D773A-76E4-4B19-AE70-1D216DE315EC}.Debug|x64.Build.0 = Debug|Any CPU
		{887D773A-76E4-4B19-AE70-1D216DE315EC}.Debug|x86.ActiveCfg = Debug|Any CPU
		{887D773A-76E4-4B19-AE70-1D216DE315EC}.Debug|x86.Build.0 = Debug|Any CPU
		{887D773A-76E4-4B19-AE70-1D216DE315EC}.Release|Any CPU.ActiveCfg = Release|Any CPU
		{887D773A-76E4-4B19-AE70-1D216DE315EC}.Release|Any CPU.Build.0 = Release|Any CPU
		{887D773A-76E4-4B19-AE70-1D216DE315EC}.Release|ARM.ActiveCfg = Release|Any CPU
		{887D773A-76E4-4B19-AE70-1D216DE315EC}.Release|ARM.Build.0 = Release|Any CPU
		{887D773A-76E4-4B19-AE70-1D216DE315EC}.Release|ARM64.ActiveCfg = Release|Any CPU
		{887D773A-76E4-4B19-AE70-1D216DE315EC}.Release|ARM64.Build.0 = Release|Any CPU
		{887D773A-76E4-4B19-AE70-1D216DE315EC}.Release|x64.ActiveCfg = Release|Any CPU
		{887D773A-76E4-4B19-AE70-1D216DE315EC}.Release|x64.Build.0 = Release|Any CPU
		{887D773A-76E4-4B19-AE70-1D216DE315EC}.Release|x86.ActiveCfg = Release|Any CPU
		{887D773A-76E4-4B19-AE70-1D216DE315EC}.Release|x86.Build.0 = Release|Any CPU
	EndGlobalSection
	GlobalSection(SolutionProperties) = preSolution
		HideSolutionNode = FALSE
	EndGlobalSection
	GlobalSection(ExtensibilityGlobals) = postSolution
		SolutionGuid = {C061EF04-059A-4805-9240-71FC30008BAB}
	EndGlobalSection
EndGlobal
